
Microsoft Visual Studio Solution File, Format Version 12.00
# Visual Studio Version 17
VisualStudioVersion = 17.3.32929.385
MinimumVisualStudioVersion = 10.0.40219.1
Project("{FAE04EC0-301F-11D3-BF4B-00C04F79EFBC}") = "AlumnosEscritorio", "AlumnosEscritorio\AlumnosEscritorio.csproj", "{97E3A6FA-1ABA-4ACA-A15B-EC0864D399BD}"
EndProject
Global
	GlobalSection(SolutionConfigurationPlatforms) = preSolution
		Debug|Any CPU = Debug|Any CPU
		Release|Any CPU = Release|Any CPU
	EndGlobalSection
	GlobalSection(ProjectConfigurationPlatforms) = postSolution
		{97E3A6FA-1ABA-4ACA-A15B-EC0864D399BD}.Debug|Any CPU.ActiveCfg = Debug|Any CPU
		{97E3A6FA-1ABA-4ACA-A15B-EC0864D399BD}.Debug|Any CPU.Build.0 = Debug|Any CPU
		{97E3A6FA-1ABA-4ACA-A15B-EC0864D399BD}.Release|Any CPU.ActiveCfg = Release|Any CPU
		{97E3A6FA-1ABA-4ACA-A15B-EC0864D399BD}.Release|Any CPU.Build.0 = Release|Any CPU
	EndGlobalSection
	GlobalSection(SolutionProperties) = preSolution
		HideSolutionNode = FALSE
	EndGlobalSection
	GlobalSection(ExtensibilityGlobals) = postSolution
		SolutionGuid = {778A5ACE-77A6-48D4-AF07-467D4974D24F}
	EndGlobalSection
EndGlobal
